<?xml version="1.0" encoding="utf-8"?>
<Project ToolsVersion="4.0" xmlns="http://schemas.microsoft.com/developer/msbuild/2003">
  <ItemGroup>
    <ClCompile Include="main.cpp">
      <Filter>Source Files</Filter>
    </ClCompile>
    <ClCompile Include="Vulkan.cpp">
      <Filter>Source Files</Filter>
    </ClCompile>
    <ClCompile Include="SystemManager.cpp" />
    <ClCompile Include="WindowManager.cpp" />
    <ClCompile Include="VulkanHelper.cpp" />
    <ClCompile Include="SceneManager.cpp" />
    <ClCompile Include="SwapChain.cpp" />
    <ClCompile Include="Image.cpp" />
    <ClCompile Include="LoadingManager.cpp" />
    <ClCompile Include="RenderPass.cpp" />
    <ClCompile Include="Command.cpp" />
    <ClCompile Include="Framebuffer.cpp" />
    <ClCompile Include="Attachment.cpp" />
    <ClCompile Include="Semaphore.cpp" />
    <ClCompile Include="Mesh.cpp" />
    <ClCompile Include="Model.cpp" />
    <ClCompile Include="SceneElement.cpp" />
    <ClCompile Include="Model2D.cpp" />
    <ClCompile Include="Renderer.cpp" />
    <ClCompile Include="Pipeline.cpp" />
    <ClCompile Include="CommandPool.cpp" />
  </ItemGroup>
  <ItemGroup>
    <ClInclude Include="Vulkan.h">
      <Filter>Header Files</Filter>
    </ClInclude>
    <ClInclude Include="SystemManager.h" />
    <ClInclude Include="WindowManager.h" />
    <ClInclude Include="VulkanHelper.h" />
    <ClInclude Include="SceneManager.h" />
    <ClInclude Include="SwapChain.h" />
    <ClInclude Include="Image.h" />
    <ClInclude Include="LoadingManager.h" />
    <ClInclude Include="RenderPass.h" />
    <ClInclude Include="Command.h" />
    <ClInclude Include="Framebuffer.h" />
    <ClInclude Include="Attachment.h" />
    <ClInclude Include="Semaphore.h" />
    <ClInclude Include="Mesh.h" />
    <ClInclude Include="Model.h" />
    <ClInclude Include="SceneElement.h" />
    <ClInclude Include="Model2D.h" />
    <ClInclude Include="Renderer.h" />
    <ClInclude Include="Pipeline.h" />
    <ClInclude Include="CommandPool.h" />
  </ItemGroup>
  <ItemGroup>
    <Filter Include="Header Files">
      <UniqueIdentifier>{e6b0b372-cb42-4413-9e54-47d141924356}</UniqueIdentifier>
    </Filter>
    <Filter Include="Source Files">
      <UniqueIdentifier>{547a46e9-140a-4585-85e0-b708c94184e2}</UniqueIdentifier>
    </Filter>
  </ItemGroup>
</Project>